
Microsoft Visual Studio Solution File, Format Version 12.00
# Visual Studio Version 17
VisualStudioVersion = 17.7.34221.43
MinimumVisualStudioVersion = 10.0.40219.1
Project("{FAE04EC0-301F-11D3-BF4B-00C04F79EFBC}") = "Assignment10", "Assignment10\Assignment10.csproj", "{27096D82-9136-4684-A67C-E1786D729241}"
EndProject
Global
	GlobalSection(SolutionConfigurationPlatforms) = preSolution
		Debug|Any CPU = Debug|Any CPU
		Release|Any CPU = Release|Any CPU
	EndGlobalSection
	GlobalSection(ProjectConfigurationPlatforms) = postSolution
		{27096D82-9136-4684-A67C-E1786D729241}.Debug|Any CPU.ActiveCfg = Debug|Any CPU
		{27096D82-9136-4684-A67C-E1786D729241}.Debug|Any CPU.Build.0 = Debug|Any CPU
		{27096D82-9136-4684-A67C-E1786D729241}.Release|Any CPU.ActiveCfg = Release|Any CPU
		{27096D82-9136-4684-A67C-E1786D729241}.Release|Any CPU.Build.0 = Release|Any CPU
	EndGlobalSection
	GlobalSection(SolutionProperties) = preSolution
		HideSolutionNode = FALSE
	EndGlobalSection
	GlobalSection(ExtensibilityGlobals) = postSolution
		SolutionGuid = {A183FA73-6273-47FA-A87B-746A7A9D05AA}
	EndGlobalSection
EndGlobal
